{
    "version": "0.5",
    "requires": [
        "zlib/1.3.2#1cb806da49011867778ffb6ac7190fcb%1777558780.503",
        "spdlog/1.17.0#bcbaaf7147bda6ad24ffbd1ac3d7142c%1767636069.964",
        "libiconv/1.18#6777b6045492997dd87e1f55a027e551%1774021606.149",
        "gtest/cci.20210126#7b8ec8c988c27b7f0769ca720054ad9f%1661112779.296",
        "fmt/12.1.0#6baf0fb8351783472b94ee6e36232391%1785754553.994"
    ],
    "build_requires": [
        "cmake/4.4.3#c5b4d075979c7cb5d9649861acad0efe%1788855208.145"
    ],
    "python_requires": [],
    "config_requires": []
}
